
Microsoft Visual Studio Solution File, Format Version 12.00
# Visual Studio Version 17
VisualStudioVersion = 17.6.33829.357
MinimumVisualStudioVersion = 10.0.40219.1
Project("{FAE04EC0-301F-11D3-BF4B-00C04F79EFBC}") = "BetterGuestBook", "BetterGuestBook\BetterGuestBook.csproj", "{79FFB5F8-85E8-46F1-9680-608DC46044D4}"
EndProject
Project("{FAE04EC0-301F-11D3-BF4B-00C04F79EFBC}") = "GuestBookLibrary", "GuestBookLibrary\GuestBookLibrary.csproj", "{D2EBFD2A-6988-46B9-990E-0DDE08CDE394}"
EndProject
Global
	GlobalSection(SolutionConfigurationPlatforms) = preSolution
		Debug|Any CPU = Debug|Any CPU
		Release|Any CPU = Release|Any CPU
	EndGlobalSection
	GlobalSection(ProjectConfigurationPlatforms) = postSolution
		{79FFB5F8-85E8-46F1-9680-608DC46044D4}.Debug|Any CPU.ActiveCfg = Debug|Any CPU
		{79FFB5F8-85E8-46F1-9680-608DC46044D4}.Debug|Any CPU.Build.0 = Debug|Any CPU
		{79FFB5F8-85E8-46F1-9680-608DC46044D4}.Release|Any CPU.ActiveCfg = Release|Any CPU
		{79FFB5F8-85E8-46F1-9680-608DC46044D4}.Release|Any CPU.Build.0 = Release|Any CPU
		{D2EBFD2A-6988-46B9-990E-0DDE08CDE394}.Debug|Any CPU.ActiveCfg = Debug|Any CPU
		{D2EBFD2A-6988-46B9-990E-0DDE08CDE394}.Debug|Any CPU.Build.0 = Debug|Any CPU
		{D2EBFD2A-6988-46B9-990E-0DDE08CDE394}.Release|Any CPU.ActiveCfg = Release|Any CPU
		{D2EBFD2A-6988-46B9-990E-0DDE08CDE394}.Release|Any CPU.Build.0 = Release|Any CPU
	EndGlobalSection
	GlobalSection(SolutionProperties) = preSolution
		HideSolutionNode = FALSE
	EndGlobalSection
	GlobalSection(ExtensibilityGlobals) = postSolution
		SolutionGuid = {4C4B2632-40D6-4B3E-8D18-E0F043574660}
	EndGlobalSection
EndGlobal
